
Microsoft Visual Studio Solution File, Format Version 10.00
# Visual Studio 2008
Project("{F184B08F-C81C-45F6-A57F-5ABD9991F28F}") = "ma-datanaming", "ma-datanaming\ma-datanaming.vbproj", "{3DAEB5CF-D291-4C2C-9751-3FFF9FF17962}"
EndProject
Project("{2150E333-8FDC-42A3-9474-1A3956D46DE8}") = "Solution Items", "Solution Items", "{6951B3E7-0543-4D29-9F8F-F8E83F48951C}"
	ProjectSection(SolutionItems) = preProject
		LocalTestRun.testrunconfig = LocalTestRun.testrunconfig
		ma-namingAPI.vsmdi = ma-namingAPI.vsmdi
	EndProjectSection
EndProject
Project("{F184B08F-C81C-45F6-A57F-5ABD9991F28F}") = "CommandlineTesting", "CommandlineTesting\CommandlineTesting.vbproj", "{3C81BAB7-AAC9-49AC-9D1F-3D8CF8E08946}"
EndProject
Project("{F184B08F-C81C-45F6-A57F-5ABD9991F28F}") = "MA_DataNamer", "..\..\..\..\..\MA_DataNamer\MA_DataNamer_VS2008\MA_DataNamer_VS2008\MA_DataNamer\MA_DataNamer\MA_DataNamer.vbproj", "{04C22517-EE14-4F0B-9E00-B899C2FA6967}"
EndProject
Project("{54435603-DBB4-11D2-8724-00A0C9A8B90C}") = "CLI_setup", "..\CLI_setup\CLI_setup.vdproj", "{CE29EB28-6A98-4883-9409-3EC5423F5A74}"
EndProject
Global
	GlobalSection(TestCaseManagementSettings) = postSolution
		CategoryFile = ma-namingAPI.vsmdi
	EndGlobalSection
	GlobalSection(SolutionConfigurationPlatforms) = preSolution
		Debug|Any CPU = Debug|Any CPU
		Release|Any CPU = Release|Any CPU
	EndGlobalSection
	GlobalSection(ProjectConfigurationPlatforms) = postSolution
		{3DAEB5CF-D291-4C2C-9751-3FFF9FF17962}.Debug|Any CPU.ActiveCfg = Debug|Any CPU
		{3DAEB5CF-D291-4C2C-9751-3FFF9FF17962}.Debug|Any CPU.Build.0 = Debug|Any CPU
		{3DAEB5CF-D291-4C2C-9751-3FFF9FF17962}.Release|Any CPU.ActiveCfg = Release|Any CPU
		{3DAEB5CF-D291-4C2C-9751-3FFF9FF17962}.Release|Any CPU.Build.0 = Release|Any CPU
		{3C81BAB7-AAC9-49AC-9D1F-3D8CF8E08946}.Debug|Any CPU.ActiveCfg = Debug|Any CPU
		{3C81BAB7-AAC9-49AC-9D1F-3D8CF8E08946}.Debug|Any CPU.Build.0 = Debug|Any CPU
		{3C81BAB7-AAC9-49AC-9D1F-3D8CF8E08946}.Release|Any CPU.ActiveCfg = Release|Any CPU
		{3C81BAB7-AAC9-49AC-9D1F-3D8CF8E08946}.Release|Any CPU.Build.0 = Release|Any CPU
		{04C22517-EE14-4F0B-9E00-B899C2FA6967}.Debug|Any CPU.ActiveCfg = Debug|Any CPU
		{04C22517-EE14-4F0B-9E00-B899C2FA6967}.Debug|Any CPU.Build.0 = Debug|Any CPU
		{04C22517-EE14-4F0B-9E00-B899C2FA6967}.Release|Any CPU.ActiveCfg = Release|Any CPU
		{04C22517-EE14-4F0B-9E00-B899C2FA6967}.Release|Any CPU.Build.0 = Release|Any CPU
		{CE29EB28-6A98-4883-9409-3EC5423F5A74}.Debug|Any CPU.ActiveCfg = Debug
		{CE29EB28-6A98-4883-9409-3EC5423F5A74}.Debug|Any CPU.Build.0 = Debug
		{CE29EB28-6A98-4883-9409-3EC5423F5A74}.Release|Any CPU.ActiveCfg = Release
	EndGlobalSection
	GlobalSection(SolutionProperties) = preSolution
		HideSolutionNode = FALSE
	EndGlobalSection
EndGlobal
