
Microsoft Visual Studio Solution File, Format Version 12.00
# Visual Studio 15
VisualStudioVersion = 15.0.28307.960
MinimumVisualStudioVersion = 10.0.40219.1
Project("{FAE04EC0-301F-11D3-BF4B-00C04F79EFBC}") = "MapActionToolbar_Core", "MapAction\MapAction\MapActionToolbar_Core.csproj", "{8B7ABA1A-C659-4D80-A2EF-13D953577643}"
EndProject
Project("{2150E333-8FDC-42A3-9474-1A3956D46DE8}") = "Solution Items", "Solution Items", "{185C9A74-2001-4B24-843F-C7D00B7EB474}"
	ProjectSection(SolutionItems) = preProject
		Local.testsettings = Local.testsettings
		MapAction-toolbox.vsmdi = MapAction-toolbox.vsmdi
		TraceAndTestImpact.testsettings = TraceAndTestImpact.testsettings
	EndProjectSection
EndProject
Project("{FAE04EC0-301F-11D3-BF4B-00C04F79EFBC}") = "MapActionToolbar_Forms", "MapActionToolbars\MapActionToolbar_Forms.csproj", "{5388B0F1-B5E9-45B2-810C-49F019300ACA}"
	ProjectSection(ProjectDependencies) = postProject
		{8B7ABA1A-C659-4D80-A2EF-13D953577643} = {8B7ABA1A-C659-4D80-A2EF-13D953577643}
	EndProjectSection
EndProject
Project("{FAE04EC0-301F-11D3-BF4B-00C04F79EFBC}") = "CommonTests", "CommonTests\CommonTests.csproj", "{EFAA6DBF-A7AF-467F-810F-75044A5EAC9F}"
EndProject
Project("{2150E333-8FDC-42A3-9474-1A3956D46DE8}") = ".nuget", ".nuget", "{837E9BD6-75C6-4879-87E4-D2C74755089B}"
	ProjectSection(SolutionItems) = preProject
		.nuget\packages.config = .nuget\packages.config
	EndProjectSection
EndProject
Project("{FAE04EC0-301F-11D3-BF4B-00C04F79EFBC}") = "MapActionToolbar_COMTools", "MapActionToolbar_COMTools\MapActionToolbar_COMTools.csproj", "{7B617336-DC71-4653-AD35-56DDF5E7062D}"
EndProject
Project("{54435603-DBB4-11D2-8724-00A0C9A8B90C}") = "MapActionToolbarInstaller", "MapActionToolbarInstaller\MapActionToolbarInstaller.vdproj", "{7B30F4FA-381F-4CFE-9BB1-61E78FC56D77}"
EndProject
Project("{FAE04EC0-301F-11D3-BF4B-00C04F79EFBC}") = "InvokeESRIRegAsm", "InvokeESRIRegAsm\InvokeESRIRegAsm.csproj", "{38C0FD0A-697D-4298-AAEE-9A2217CECF29}"
EndProject
Project("{FAE04EC0-301F-11D3-BF4B-00C04F79EFBC}") = "MapActionToolbar_Addin", "MapActionToolbar_Addin\MapActionToolbar_Addin.csproj", "{F5DB27DB-E505-4583-B766-1F8C8AF6DE27}"
EndProject
Global
	GlobalSection(SolutionConfigurationPlatforms) = preSolution
		Debug|Any CPU = Debug|Any CPU
		Release|Any CPU = Release|Any CPU
	EndGlobalSection
	GlobalSection(ProjectConfigurationPlatforms) = postSolution
		{8B7ABA1A-C659-4D80-A2EF-13D953577643}.Debug|Any CPU.ActiveCfg = Debug|Any CPU
		{8B7ABA1A-C659-4D80-A2EF-13D953577643}.Debug|Any CPU.Build.0 = Debug|Any CPU
		{8B7ABA1A-C659-4D80-A2EF-13D953577643}.Release|Any CPU.ActiveCfg = Release|Any CPU
		{8B7ABA1A-C659-4D80-A2EF-13D953577643}.Release|Any CPU.Build.0 = Release|Any CPU
		{5388B0F1-B5E9-45B2-810C-49F019300ACA}.Debug|Any CPU.ActiveCfg = Debug|Any CPU
		{5388B0F1-B5E9-45B2-810C-49F019300ACA}.Debug|Any CPU.Build.0 = Debug|Any CPU
		{5388B0F1-B5E9-45B2-810C-49F019300ACA}.Release|Any CPU.ActiveCfg = Release|Any CPU
		{5388B0F1-B5E9-45B2-810C-49F019300ACA}.Release|Any CPU.Build.0 = Release|Any CPU
		{EFAA6DBF-A7AF-467F-810F-75044A5EAC9F}.Debug|Any CPU.ActiveCfg = Release|Any CPU
		{EFAA6DBF-A7AF-467F-810F-75044A5EAC9F}.Debug|Any CPU.Build.0 = Release|Any CPU
		{EFAA6DBF-A7AF-467F-810F-75044A5EAC9F}.Release|Any CPU.ActiveCfg = Release|Any CPU
		{EFAA6DBF-A7AF-467F-810F-75044A5EAC9F}.Release|Any CPU.Build.0 = Release|Any CPU
		{7B617336-DC71-4653-AD35-56DDF5E7062D}.Debug|Any CPU.ActiveCfg = Debug|Any CPU
		{7B617336-DC71-4653-AD35-56DDF5E7062D}.Debug|Any CPU.Build.0 = Debug|Any CPU
		{7B617336-DC71-4653-AD35-56DDF5E7062D}.Release|Any CPU.ActiveCfg = Release|Any CPU
		{7B617336-DC71-4653-AD35-56DDF5E7062D}.Release|Any CPU.Build.0 = Release|Any CPU
		{7B30F4FA-381F-4CFE-9BB1-61E78FC56D77}.Debug|Any CPU.ActiveCfg = Debug
		{7B30F4FA-381F-4CFE-9BB1-61E78FC56D77}.Release|Any CPU.ActiveCfg = Release
		{7B30F4FA-381F-4CFE-9BB1-61E78FC56D77}.Release|Any CPU.Build.0 = Release
		{38C0FD0A-697D-4298-AAEE-9A2217CECF29}.Debug|Any CPU.ActiveCfg = Debug|Any CPU
		{38C0FD0A-697D-4298-AAEE-9A2217CECF29}.Debug|Any CPU.Build.0 = Debug|Any CPU
		{38C0FD0A-697D-4298-AAEE-9A2217CECF29}.Release|Any CPU.ActiveCfg = Release|Any CPU
		{38C0FD0A-697D-4298-AAEE-9A2217CECF29}.Release|Any CPU.Build.0 = Release|Any CPU
		{F5DB27DB-E505-4583-B766-1F8C8AF6DE27}.Debug|Any CPU.ActiveCfg = Debug|Any CPU
		{F5DB27DB-E505-4583-B766-1F8C8AF6DE27}.Debug|Any CPU.Build.0 = Debug|Any CPU
		{F5DB27DB-E505-4583-B766-1F8C8AF6DE27}.Release|Any CPU.ActiveCfg = Release|Any CPU
		{F5DB27DB-E505-4583-B766-1F8C8AF6DE27}.Release|Any CPU.Build.0 = Release|Any CPU
	EndGlobalSection
	GlobalSection(SolutionProperties) = preSolution
		HideSolutionNode = FALSE
	EndGlobalSection
	GlobalSection(ExtensibilityGlobals) = postSolution
		SolutionGuid = {CF73C2F1-243E-4AF4-BE98-00BAD330B4A6}
	EndGlobalSection
	GlobalSection(TestCaseManagementSettings) = postSolution
		CategoryFile = MapAction-toolbox.vsmdi
	EndGlobalSection
EndGlobal
