
Microsoft Visual Studio Solution File, Format Version 11.00
# Visual Studio 2010
Project("{FAE04EC0-301F-11D3-BF4B-00C04F79EFBC}") = "RenameLayer", "RenameLayer\RenameLayer.csproj", "{23EE4762-4099-4998-9043-3679C9703D49}"
EndProject
Global
	GlobalSection(SolutionConfigurationPlatforms) = preSolution
		Debug|Any CPU = Debug|Any CPU
		Release|Any CPU = Release|Any CPU
	EndGlobalSection
	GlobalSection(ProjectConfigurationPlatforms) = postSolution
		{23EE4762-4099-4998-9043-3679C9703D49}.Debug|Any CPU.ActiveCfg = Debug|Any CPU
		{23EE4762-4099-4998-9043-3679C9703D49}.Debug|Any CPU.Build.0 = Debug|Any CPU
		{23EE4762-4099-4998-9043-3679C9703D49}.Release|Any CPU.ActiveCfg = Release|Any CPU
		{23EE4762-4099-4998-9043-3679C9703D49}.Release|Any CPU.Build.0 = Release|Any CPU
	EndGlobalSection
	GlobalSection(SolutionProperties) = preSolution
		HideSolutionNode = FALSE
	EndGlobalSection
EndGlobal
