
Microsoft Visual Studio Solution File, Format Version 10.00
# Visual Studio 2008
Project("{F184B08F-C81C-45F6-A57F-5ABD9991F28F}") = "api", "api\api.vbproj", "{ABFF163D-FE7C-4C02-A235-427795B3B1D8}"
EndProject
Project("{F184B08F-C81C-45F6-A57F-5ABD9991F28F}") = "cli", "cli\cli.vbproj", "{7E7BE5CC-74CE-41E4-A8EB-1E753F99072B}"
EndProject
Global
	GlobalSection(SolutionConfigurationPlatforms) = preSolution
		Debug|Any CPU = Debug|Any CPU
		Release|Any CPU = Release|Any CPU
	EndGlobalSection
	GlobalSection(ProjectConfigurationPlatforms) = postSolution
		{ABFF163D-FE7C-4C02-A235-427795B3B1D8}.Debug|Any CPU.ActiveCfg = Debug|Any CPU
		{ABFF163D-FE7C-4C02-A235-427795B3B1D8}.Debug|Any CPU.Build.0 = Debug|Any CPU
		{ABFF163D-FE7C-4C02-A235-427795B3B1D8}.Release|Any CPU.ActiveCfg = Release|Any CPU
		{ABFF163D-FE7C-4C02-A235-427795B3B1D8}.Release|Any CPU.Build.0 = Release|Any CPU
		{7E7BE5CC-74CE-41E4-A8EB-1E753F99072B}.Debug|Any CPU.ActiveCfg = Debug|Any CPU
		{7E7BE5CC-74CE-41E4-A8EB-1E753F99072B}.Debug|Any CPU.Build.0 = Debug|Any CPU
		{7E7BE5CC-74CE-41E4-A8EB-1E753F99072B}.Release|Any CPU.ActiveCfg = Release|Any CPU
		{7E7BE5CC-74CE-41E4-A8EB-1E753F99072B}.Release|Any CPU.Build.0 = Release|Any CPU
	EndGlobalSection
	GlobalSection(SolutionProperties) = preSolution
		HideSolutionNode = FALSE
	EndGlobalSection
EndGlobal
